
Microsoft Visual Studio Solution File, Format Version 12.00
# Visual Studio 15
VisualStudioVersion = 15.0.28307.1145
MinimumVisualStudioVersion = 10.0.40219.1
Project("{FAE04EC0-301F-11D3-BF4B-00C04F79EFBC}") = "AkvaryumApp", "AkvaryumApp\AkvaryumApp.csproj", "{DEE4CFF3-5150-49BC-A26A-2D5A1B8FDA9A}"
EndProject
Global
	GlobalSection(SolutionConfigurationPlatforms) = preSolution
		Debug|Any CPU = Debug|Any CPU
		Release|Any CPU = Release|Any CPU
	EndGlobalSection
	GlobalSection(ProjectConfigurationPlatforms) = postSolution
		{DEE4CFF3-5150-49BC-A26A-2D5A1B8FDA9A}.Debug|Any CPU.ActiveCfg = Debug|Any CPU
		{DEE4CFF3-5150-49BC-A26A-2D5A1B8FDA9A}.Debug|Any CPU.Build.0 = Debug|Any CPU
		{DEE4CFF3-5150-49BC-A26A-2D5A1B8FDA9A}.Release|Any CPU.ActiveCfg = Release|Any CPU
		{DEE4CFF3-5150-49BC-A26A-2D5A1B8FDA9A}.Release|Any CPU.Build.0 = Release|Any CPU
	EndGlobalSection
	GlobalSection(SolutionProperties) = preSolution
		HideSolutionNode = FALSE
	EndGlobalSection
	GlobalSection(ExtensibilityGlobals) = postSolution
		SolutionGuid = {583D63D6-A6B4-40E5-AE2A-04142A098865}
	EndGlobalSection
EndGlobal
